
Microsoft Visual Studio Solution File, Format Version 12.00
# Visual Studio 14
VisualStudioVersion = 14.0.24720.0
MinimumVisualStudioVersion = 10.0.40219.1
Project("{FAE04EC0-301F-11D3-BF4B-00C04F79EFBC}") = "TutorialDay16", "TutorialDay16\TutorialDay16.csproj", "{88B6975F-CB57-43F9-8EAE-69A65D441899}"
EndProject
Global
	GlobalSection(SolutionConfigurationPlatforms) = preSolution
		Debug|Any CPU = Debug|Any CPU
		Release|Any CPU = Release|Any CPU
	EndGlobalSection
	GlobalSection(ProjectConfigurationPlatforms) = postSolution
		{88B6975F-CB57-43F9-8EAE-69A65D441899}.Debug|Any CPU.ActiveCfg = Debug|Any CPU
		{88B6975F-CB57-43F9-8EAE-69A65D441899}.Debug|Any CPU.Build.0 = Debug|Any CPU
		{88B6975F-CB57-43F9-8EAE-69A65D441899}.Release|Any CPU.ActiveCfg = Release|Any CPU
		{88B6975F-CB57-43F9-8EAE-69A65D441899}.Release|Any CPU.Build.0 = Release|Any CPU
	EndGlobalSection
	GlobalSection(SolutionProperties) = preSolution
		HideSolutionNode = FALSE
	EndGlobalSection
EndGlobal
