
Microsoft Visual Studio Solution File, Format Version 12.00
# Visual Studio 14
VisualStudioVersion = 14.0.24720.0
MinimumVisualStudioVersion = 10.0.40219.1
Project("{FAE04EC0-301F-11D3-BF4B-00C04F79EFBC}") = "Assignment-7", "Assignment-7\Assignment-7.csproj", "{147A9C9A-9BD8-4B1A-A089-052AA52C8C2C}"
EndProject
Project("{FAE04EC0-301F-11D3-BF4B-00C04F79EFBC}") = "EmployeeModel", "..\EmployeeModel\EmployeeModel.csproj", "{40DD7C21-B0B3-4668-8134-C8E699DE26BB}"
EndProject
Global
	GlobalSection(SolutionConfigurationPlatforms) = preSolution
		Debug|Any CPU = Debug|Any CPU
		Release|Any CPU = Release|Any CPU
	EndGlobalSection
	GlobalSection(ProjectConfigurationPlatforms) = postSolution
		{147A9C9A-9BD8-4B1A-A089-052AA52C8C2C}.Debug|Any CPU.ActiveCfg = Debug|Any CPU
		{147A9C9A-9BD8-4B1A-A089-052AA52C8C2C}.Debug|Any CPU.Build.0 = Debug|Any CPU
		{147A9C9A-9BD8-4B1A-A089-052AA52C8C2C}.Release|Any CPU.ActiveCfg = Release|Any CPU
		{147A9C9A-9BD8-4B1A-A089-052AA52C8C2C}.Release|Any CPU.Build.0 = Release|Any CPU
		{40DD7C21-B0B3-4668-8134-C8E699DE26BB}.Debug|Any CPU.ActiveCfg = Debug|Any CPU
		{40DD7C21-B0B3-4668-8134-C8E699DE26BB}.Debug|Any CPU.Build.0 = Debug|Any CPU
		{40DD7C21-B0B3-4668-8134-C8E699DE26BB}.Release|Any CPU.ActiveCfg = Release|Any CPU
		{40DD7C21-B0B3-4668-8134-C8E699DE26BB}.Release|Any CPU.Build.0 = Release|Any CPU
	EndGlobalSection
	GlobalSection(SolutionProperties) = preSolution
		HideSolutionNode = FALSE
	EndGlobalSection
EndGlobal
