
Microsoft Visual Studio Solution File, Format Version 12.00
# Visual Studio Version 16
VisualStudioVersion = 16.0.28803.352
MinimumVisualStudioVersion = 10.0.40219.1
Project("{FAE04EC0-301F-11D3-BF4B-00C04F79EFBC}") = "ADO.NETTutorial", "ADO.NETTutorial\ADO.NETTutorial.csproj", "{8C6311C6-8CA7-4D88-89F7-97A88B885A41}"
EndProject
Project("{FAE04EC0-301F-11D3-BF4B-00C04F79EFBC}") = "ADO.NETTutorialTest", "ADO.NETTutorialTest\ADO.NETTutorialTest.csproj", "{8FEE567F-A77D-451B-9373-BC0F41472BE5}"
EndProject
Project("{FAE04EC0-301F-11D3-BF4B-00C04F79EFBC}") = "ConsoleApp1", "ConsoleApp1\ConsoleApp1.csproj", "{08DE667B-73BF-4952-98DD-4303BC14B54F}"
EndProject
Global
	GlobalSection(SolutionConfigurationPlatforms) = preSolution
		Debug|Any CPU = Debug|Any CPU
		Release|Any CPU = Release|Any CPU
	EndGlobalSection
	GlobalSection(ProjectConfigurationPlatforms) = postSolution
		{8C6311C6-8CA7-4D88-89F7-97A88B885A41}.Debug|Any CPU.ActiveCfg = Debug|Any CPU
		{8C6311C6-8CA7-4D88-89F7-97A88B885A41}.Debug|Any CPU.Build.0 = Debug|Any CPU
		{8C6311C6-8CA7-4D88-89F7-97A88B885A41}.Release|Any CPU.ActiveCfg = Release|Any CPU
		{8C6311C6-8CA7-4D88-89F7-97A88B885A41}.Release|Any CPU.Build.0 = Release|Any CPU
		{8FEE567F-A77D-451B-9373-BC0F41472BE5}.Debug|Any CPU.ActiveCfg = Debug|Any CPU
		{8FEE567F-A77D-451B-9373-BC0F41472BE5}.Debug|Any CPU.Build.0 = Debug|Any CPU
		{8FEE567F-A77D-451B-9373-BC0F41472BE5}.Release|Any CPU.ActiveCfg = Release|Any CPU
		{8FEE567F-A77D-451B-9373-BC0F41472BE5}.Release|Any CPU.Build.0 = Release|Any CPU
		{08DE667B-73BF-4952-98DD-4303BC14B54F}.Debug|Any CPU.ActiveCfg = Debug|Any CPU
		{08DE667B-73BF-4952-98DD-4303BC14B54F}.Debug|Any CPU.Build.0 = Debug|Any CPU
		{08DE667B-73BF-4952-98DD-4303BC14B54F}.Release|Any CPU.ActiveCfg = Release|Any CPU
		{08DE667B-73BF-4952-98DD-4303BC14B54F}.Release|Any CPU.Build.0 = Release|Any CPU
	EndGlobalSection
	GlobalSection(SolutionProperties) = preSolution
		HideSolutionNode = FALSE
	EndGlobalSection
	GlobalSection(ExtensibilityGlobals) = postSolution
		SolutionGuid = {FD7E4FCE-A4A6-490B-8F55-966C24B46E20}
	EndGlobalSection
EndGlobal
