
Microsoft Visual Studio Solution File, Format Version 12.00
# Visual Studio Version 16
VisualStudioVersion = 16.0.28803.352
MinimumVisualStudioVersion = 10.0.40219.1
Project("{FAE04EC0-301F-11D3-BF4B-00C04F79EFBC}") = "ConsoleAppStructure", "ConsoleAppStructure\ConsoleAppStructure.csproj", "{010AA8EE-5FD8-4D7C-99FA-C91CBE3C5C20}"
EndProject
Project("{FAE04EC0-301F-11D3-BF4B-00C04F79EFBC}") = "ConsoleInheritance", "ConsoleInheritance\ConsoleInheritance.csproj", "{BB0A4E8A-17BA-4D7C-B7D3-2CD4AC17902D}"
EndProject
Global
	GlobalSection(SolutionConfigurationPlatforms) = preSolution
		Debug|Any CPU = Debug|Any CPU
		Release|Any CPU = Release|Any CPU
	EndGlobalSection
	GlobalSection(ProjectConfigurationPlatforms) = postSolution
		{010AA8EE-5FD8-4D7C-99FA-C91CBE3C5C20}.Debug|Any CPU.ActiveCfg = Debug|Any CPU
		{010AA8EE-5FD8-4D7C-99FA-C91CBE3C5C20}.Debug|Any CPU.Build.0 = Debug|Any CPU
		{010AA8EE-5FD8-4D7C-99FA-C91CBE3C5C20}.Release|Any CPU.ActiveCfg = Release|Any CPU
		{010AA8EE-5FD8-4D7C-99FA-C91CBE3C5C20}.Release|Any CPU.Build.0 = Release|Any CPU
		{BB0A4E8A-17BA-4D7C-B7D3-2CD4AC17902D}.Debug|Any CPU.ActiveCfg = Debug|Any CPU
		{BB0A4E8A-17BA-4D7C-B7D3-2CD4AC17902D}.Debug|Any CPU.Build.0 = Debug|Any CPU
		{BB0A4E8A-17BA-4D7C-B7D3-2CD4AC17902D}.Release|Any CPU.ActiveCfg = Release|Any CPU
		{BB0A4E8A-17BA-4D7C-B7D3-2CD4AC17902D}.Release|Any CPU.Build.0 = Release|Any CPU
	EndGlobalSection
	GlobalSection(SolutionProperties) = preSolution
		HideSolutionNode = FALSE
	EndGlobalSection
	GlobalSection(ExtensibilityGlobals) = postSolution
		SolutionGuid = {D116DC5E-7122-49B1-89A9-596CDDD825EB}
	EndGlobalSection
EndGlobal
