
Microsoft Visual Studio Solution File, Format Version 12.00
# Visual Studio Version 16
VisualStudioVersion = 16.0.28803.352
MinimumVisualStudioVersion = 10.0.40219.1
Project("{FAE04EC0-301F-11D3-BF4B-00C04F79EFBC}") = "TutorialDay8", "TutorialDay8\TutorialDay8.csproj", "{DA9F3C80-1358-4FEB-A211-EDECE07BA44E}"
EndProject
Project("{FAE04EC0-301F-11D3-BF4B-00C04F79EFBC}") = "BusinessModel", "..\BusinessModel\BusinessModel.csproj", "{2273A5F1-F41E-435E-BF15-4A4082BF189C}"
EndProject
Global
	GlobalSection(SolutionConfigurationPlatforms) = preSolution
		Debug|Any CPU = Debug|Any CPU
		Release|Any CPU = Release|Any CPU
	EndGlobalSection
	GlobalSection(ProjectConfigurationPlatforms) = postSolution
		{DA9F3C80-1358-4FEB-A211-EDECE07BA44E}.Debug|Any CPU.ActiveCfg = Debug|Any CPU
		{DA9F3C80-1358-4FEB-A211-EDECE07BA44E}.Debug|Any CPU.Build.0 = Debug|Any CPU
		{DA9F3C80-1358-4FEB-A211-EDECE07BA44E}.Release|Any CPU.ActiveCfg = Release|Any CPU
		{DA9F3C80-1358-4FEB-A211-EDECE07BA44E}.Release|Any CPU.Build.0 = Release|Any CPU
		{2273A5F1-F41E-435E-BF15-4A4082BF189C}.Debug|Any CPU.ActiveCfg = Debug|Any CPU
		{2273A5F1-F41E-435E-BF15-4A4082BF189C}.Debug|Any CPU.Build.0 = Debug|Any CPU
		{2273A5F1-F41E-435E-BF15-4A4082BF189C}.Release|Any CPU.ActiveCfg = Release|Any CPU
		{2273A5F1-F41E-435E-BF15-4A4082BF189C}.Release|Any CPU.Build.0 = Release|Any CPU
	EndGlobalSection
	GlobalSection(SolutionProperties) = preSolution
		HideSolutionNode = FALSE
	EndGlobalSection
	GlobalSection(ExtensibilityGlobals) = postSolution
		SolutionGuid = {128F43FC-BAA7-45B9-94F0-7C6630DE6AEC}
	EndGlobalSection
EndGlobal
