
Microsoft Visual Studio Solution File, Format Version 12.00
# Visual Studio Version 16
VisualStudioVersion = 16.0.28803.352
MinimumVisualStudioVersion = 10.0.40219.1
Project("{FAE04EC0-301F-11D3-BF4B-00C04F79EFBC}") = "Sample", "Sample\Sample.csproj", "{AF178716-89EE-47DC-99EE-706DD603DFED}"
EndProject
Project("{FAE04EC0-301F-11D3-BF4B-00C04F79EFBC}") = "StructureSample", "StructureSample\StructureSample.csproj", "{AB4E3BA1-4E3A-47B3-9A70-399E73CC0E26}"
EndProject
Project("{FAE04EC0-301F-11D3-BF4B-00C04F79EFBC}") = "InterfaceSample", "InterfaceSample\InterfaceSample.csproj", "{090758ED-30CD-440F-A208-E7DA42443C49}"
EndProject
Project("{FAE04EC0-301F-11D3-BF4B-00C04F79EFBC}") = "DelegateSample", "DelegateSample\DelegateSample.csproj", "{81BECDE7-E5DE-4BB1-8190-AECF3712181D}"
EndProject
Project("{FAE04EC0-301F-11D3-BF4B-00C04F79EFBC}") = "SampleEvent", "SampleEvent\SampleEvent.csproj", "{785C1936-7CD3-4D00-A98F-1B9082330125}"
EndProject
Project("{FAE04EC0-301F-11D3-BF4B-00C04F79EFBC}") = "Calculator_Sample", "WinFormCalculator\Calculator_Sample.csproj", "{38020BA6-E46A-478B-B959-C7209B7EFBB8}"
EndProject
Project("{FAE04EC0-301F-11D3-BF4B-00C04F79EFBC}") = "ConsoleApp1", "ConsoleApp1\ConsoleApp1.csproj", "{00019B60-08F3-4814-A454-00BF91AAC3B8}"
EndProject
Project("{FAE04EC0-301F-11D3-BF4B-00C04F79EFBC}") = "InterfaceSampleCode", "InterfaceSampleCode\InterfaceSampleCode.csproj", "{58F0A5E6-D1D4-4D69-B530-9EFDE95372B4}"
EndProject
Project("{FAE04EC0-301F-11D3-BF4B-00C04F79EFBC}") = "ConsoleAppInterfaceCalling", "ConsoleAppInterfaceCalling\ConsoleAppInterfaceCalling.csproj", "{0DB1AAA1-52B1-4CB5-B65B-DE0C701F5062}"
EndProject
Project("{2150E333-8FDC-42A3-9474-1A3956D46DE8}") = "Sample 2", "Sample 2", "{DB1149FD-C2F4-4AF5-8FEE-AF450B895BEB}"
EndProject
Project("{FAE04EC0-301F-11D3-BF4B-00C04F79EFBC}") = "ESSPL.Model", "ESSPL.Model\ESSPL.Model.csproj", "{2C7A7C82-5473-45B5-B6C6-3B978D64FC52}"
EndProject
Project("{FAE04EC0-301F-11D3-BF4B-00C04F79EFBC}") = "ESSPL.BusinessLogic", "ESSPL.BusinessLogic\ESSPL.BusinessLogic.csproj", "{89B0D01F-F490-4D16-8748-1EE06B156E3A}"
EndProject
Project("{FAE04EC0-301F-11D3-BF4B-00C04F79EFBC}") = "ESSPL.Presentation", "ESSPL.Presentation\ESSPL.Presentation.csproj", "{860CA778-F66A-46AD-B603-56A4B36CBB20}"
EndProject
Project("{2150E333-8FDC-42A3-9474-1A3956D46DE8}") = "Sample 1", "Sample 1", "{E94673F6-7436-4BD7-A99E-536C06AA9E57}"
EndProject
Project("{FAE04EC0-301F-11D3-BF4B-00C04F79EFBC}") = "ConsoleApp2InterfaceWithSameMethodName", "ConsoleApp2InterfaceWithSameMethodName\ConsoleApp2InterfaceWithSameMethodName.csproj", "{B94AB882-CB96-4D91-A71D-53C9AC8F74BA}"
EndProject
Project("{FAE04EC0-301F-11D3-BF4B-00C04F79EFBC}") = "ConsoleAppRefandOut", "ConsoleAppRefandOut\ConsoleAppRefandOut.csproj", "{34B6B892-9FA3-4CC5-A78C-2F8C2C69D602}"
EndProject
Project("{FAE04EC0-301F-11D3-BF4B-00C04F79EFBC}") = "ClassLibraryPartialClass", "ClassLibraryPartialClass\ClassLibraryPartialClass.csproj", "{5D8218CE-5732-4F32-91C5-73AD33E18C3F}"
EndProject
Global
	GlobalSection(SolutionConfigurationPlatforms) = preSolution
		Debug|Any CPU = Debug|Any CPU
		Release|Any CPU = Release|Any CPU
	EndGlobalSection
	GlobalSection(ProjectConfigurationPlatforms) = postSolution
		{AF178716-89EE-47DC-99EE-706DD603DFED}.Debug|Any CPU.ActiveCfg = Debug|Any CPU
		{AF178716-89EE-47DC-99EE-706DD603DFED}.Debug|Any CPU.Build.0 = Debug|Any CPU
		{AF178716-89EE-47DC-99EE-706DD603DFED}.Release|Any CPU.ActiveCfg = Release|Any CPU
		{AF178716-89EE-47DC-99EE-706DD603DFED}.Release|Any CPU.Build.0 = Release|Any CPU
		{AB4E3BA1-4E3A-47B3-9A70-399E73CC0E26}.Debug|Any CPU.ActiveCfg = Debug|Any CPU
		{AB4E3BA1-4E3A-47B3-9A70-399E73CC0E26}.Debug|Any CPU.Build.0 = Debug|Any CPU
		{AB4E3BA1-4E3A-47B3-9A70-399E73CC0E26}.Release|Any CPU.ActiveCfg = Release|Any CPU
		{AB4E3BA1-4E3A-47B3-9A70-399E73CC0E26}.Release|Any CPU.Build.0 = Release|Any CPU
		{090758ED-30CD-440F-A208-E7DA42443C49}.Debug|Any CPU.ActiveCfg = Debug|Any CPU
		{090758ED-30CD-440F-A208-E7DA42443C49}.Debug|Any CPU.Build.0 = Debug|Any CPU
		{090758ED-30CD-440F-A208-E7DA42443C49}.Release|Any CPU.ActiveCfg = Release|Any CPU
		{090758ED-30CD-440F-A208-E7DA42443C49}.Release|Any CPU.Build.0 = Release|Any CPU
		{81BECDE7-E5DE-4BB1-8190-AECF3712181D}.Debug|Any CPU.ActiveCfg = Debug|Any CPU
		{81BECDE7-E5DE-4BB1-8190-AECF3712181D}.Debug|Any CPU.Build.0 = Debug|Any CPU
		{81BECDE7-E5DE-4BB1-8190-AECF3712181D}.Release|Any CPU.ActiveCfg = Release|Any CPU
		{81BECDE7-E5DE-4BB1-8190-AECF3712181D}.Release|Any CPU.Build.0 = Release|Any CPU
		{785C1936-7CD3-4D00-A98F-1B9082330125}.Debug|Any CPU.ActiveCfg = Debug|Any CPU
		{785C1936-7CD3-4D00-A98F-1B9082330125}.Debug|Any CPU.Build.0 = Debug|Any CPU
		{785C1936-7CD3-4D00-A98F-1B9082330125}.Release|Any CPU.ActiveCfg = Release|Any CPU
		{785C1936-7CD3-4D00-A98F-1B9082330125}.Release|Any CPU.Build.0 = Release|Any CPU
		{38020BA6-E46A-478B-B959-C7209B7EFBB8}.Debug|Any CPU.ActiveCfg = Debug|Any CPU
		{38020BA6-E46A-478B-B959-C7209B7EFBB8}.Debug|Any CPU.Build.0 = Debug|Any CPU
		{38020BA6-E46A-478B-B959-C7209B7EFBB8}.Release|Any CPU.ActiveCfg = Release|Any CPU
		{38020BA6-E46A-478B-B959-C7209B7EFBB8}.Release|Any CPU.Build.0 = Release|Any CPU
		{00019B60-08F3-4814-A454-00BF91AAC3B8}.Debug|Any CPU.ActiveCfg = Debug|Any CPU
		{00019B60-08F3-4814-A454-00BF91AAC3B8}.Debug|Any CPU.Build.0 = Debug|Any CPU
		{00019B60-08F3-4814-A454-00BF91AAC3B8}.Release|Any CPU.ActiveCfg = Release|Any CPU
		{00019B60-08F3-4814-A454-00BF91AAC3B8}.Release|Any CPU.Build.0 = Release|Any CPU
		{58F0A5E6-D1D4-4D69-B530-9EFDE95372B4}.Debug|Any CPU.ActiveCfg = Debug|Any CPU
		{58F0A5E6-D1D4-4D69-B530-9EFDE95372B4}.Debug|Any CPU.Build.0 = Debug|Any CPU
		{58F0A5E6-D1D4-4D69-B530-9EFDE95372B4}.Release|Any CPU.ActiveCfg = Release|Any CPU
		{58F0A5E6-D1D4-4D69-B530-9EFDE95372B4}.Release|Any CPU.Build.0 = Release|Any CPU
		{0DB1AAA1-52B1-4CB5-B65B-DE0C701F5062}.Debug|Any CPU.ActiveCfg = Debug|Any CPU
		{0DB1AAA1-52B1-4CB5-B65B-DE0C701F5062}.Debug|Any CPU.Build.0 = Debug|Any CPU
		{0DB1AAA1-52B1-4CB5-B65B-DE0C701F5062}.Release|Any CPU.ActiveCfg = Release|Any CPU
		{0DB1AAA1-52B1-4CB5-B65B-DE0C701F5062}.Release|Any CPU.Build.0 = Release|Any CPU
		{2C7A7C82-5473-45B5-B6C6-3B978D64FC52}.Debug|Any CPU.ActiveCfg = Debug|Any CPU
		{2C7A7C82-5473-45B5-B6C6-3B978D64FC52}.Debug|Any CPU.Build.0 = Debug|Any CPU
		{2C7A7C82-5473-45B5-B6C6-3B978D64FC52}.Release|Any CPU.ActiveCfg = Release|Any CPU
		{2C7A7C82-5473-45B5-B6C6-3B978D64FC52}.Release|Any CPU.Build.0 = Release|Any CPU
		{89B0D01F-F490-4D16-8748-1EE06B156E3A}.Debug|Any CPU.ActiveCfg = Debug|Any CPU
		{89B0D01F-F490-4D16-8748-1EE06B156E3A}.Debug|Any CPU.Build.0 = Debug|Any CPU
		{89B0D01F-F490-4D16-8748-1EE06B156E3A}.Release|Any CPU.ActiveCfg = Release|Any CPU
		{89B0D01F-F490-4D16-8748-1EE06B156E3A}.Release|Any CPU.Build.0 = Release|Any CPU
		{860CA778-F66A-46AD-B603-56A4B36CBB20}.Debug|Any CPU.ActiveCfg = Debug|Any CPU
		{860CA778-F66A-46AD-B603-56A4B36CBB20}.Debug|Any CPU.Build.0 = Debug|Any CPU
		{860CA778-F66A-46AD-B603-56A4B36CBB20}.Release|Any CPU.ActiveCfg = Release|Any CPU
		{860CA778-F66A-46AD-B603-56A4B36CBB20}.Release|Any CPU.Build.0 = Release|Any CPU
		{B94AB882-CB96-4D91-A71D-53C9AC8F74BA}.Debug|Any CPU.ActiveCfg = Debug|Any CPU
		{B94AB882-CB96-4D91-A71D-53C9AC8F74BA}.Debug|Any CPU.Build.0 = Debug|Any CPU
		{B94AB882-CB96-4D91-A71D-53C9AC8F74BA}.Release|Any CPU.ActiveCfg = Release|Any CPU
		{B94AB882-CB96-4D91-A71D-53C9AC8F74BA}.Release|Any CPU.Build.0 = Release|Any CPU
		{34B6B892-9FA3-4CC5-A78C-2F8C2C69D602}.Debug|Any CPU.ActiveCfg = Debug|Any CPU
		{34B6B892-9FA3-4CC5-A78C-2F8C2C69D602}.Debug|Any CPU.Build.0 = Debug|Any CPU
		{34B6B892-9FA3-4CC5-A78C-2F8C2C69D602}.Release|Any CPU.ActiveCfg = Release|Any CPU
		{34B6B892-9FA3-4CC5-A78C-2F8C2C69D602}.Release|Any CPU.Build.0 = Release|Any CPU
		{5D8218CE-5732-4F32-91C5-73AD33E18C3F}.Debug|Any CPU.ActiveCfg = Debug|Any CPU
		{5D8218CE-5732-4F32-91C5-73AD33E18C3F}.Debug|Any CPU.Build.0 = Debug|Any CPU
		{5D8218CE-5732-4F32-91C5-73AD33E18C3F}.Release|Any CPU.ActiveCfg = Release|Any CPU
		{5D8218CE-5732-4F32-91C5-73AD33E18C3F}.Release|Any CPU.Build.0 = Release|Any CPU
	EndGlobalSection
	GlobalSection(SolutionProperties) = preSolution
		HideSolutionNode = FALSE
	EndGlobalSection
	GlobalSection(NestedProjects) = preSolution
		{AF178716-89EE-47DC-99EE-706DD603DFED} = {E94673F6-7436-4BD7-A99E-536C06AA9E57}
		{AB4E3BA1-4E3A-47B3-9A70-399E73CC0E26} = {E94673F6-7436-4BD7-A99E-536C06AA9E57}
		{090758ED-30CD-440F-A208-E7DA42443C49} = {E94673F6-7436-4BD7-A99E-536C06AA9E57}
		{81BECDE7-E5DE-4BB1-8190-AECF3712181D} = {E94673F6-7436-4BD7-A99E-536C06AA9E57}
		{785C1936-7CD3-4D00-A98F-1B9082330125} = {E94673F6-7436-4BD7-A99E-536C06AA9E57}
		{38020BA6-E46A-478B-B959-C7209B7EFBB8} = {E94673F6-7436-4BD7-A99E-536C06AA9E57}
		{00019B60-08F3-4814-A454-00BF91AAC3B8} = {E94673F6-7436-4BD7-A99E-536C06AA9E57}
		{58F0A5E6-D1D4-4D69-B530-9EFDE95372B4} = {E94673F6-7436-4BD7-A99E-536C06AA9E57}
		{0DB1AAA1-52B1-4CB5-B65B-DE0C701F5062} = {E94673F6-7436-4BD7-A99E-536C06AA9E57}
		{2C7A7C82-5473-45B5-B6C6-3B978D64FC52} = {DB1149FD-C2F4-4AF5-8FEE-AF450B895BEB}
		{89B0D01F-F490-4D16-8748-1EE06B156E3A} = {DB1149FD-C2F4-4AF5-8FEE-AF450B895BEB}
		{860CA778-F66A-46AD-B603-56A4B36CBB20} = {DB1149FD-C2F4-4AF5-8FEE-AF450B895BEB}
	EndGlobalSection
	GlobalSection(ExtensibilityGlobals) = postSolution
		SolutionGuid = {5A17B10F-F002-49BC-B8CA-5ABEABCF2D4B}
	EndGlobalSection
EndGlobal
