
Microsoft Visual Studio Solution File, Format Version 12.00
# Visual Studio 14
VisualStudioVersion = 14.0.24720.0
MinimumVisualStudioVersion = 10.0.40219.1
Project("{FAE04EC0-301F-11D3-BF4B-00C04F79EFBC}") = "ESSPLControls", "ESSPLControls\ESSPLControls.csproj", "{0437356D-029C-408A-A30C-7EA5B654CE40}"
EndProject
Project("{FAE04EC0-301F-11D3-BF4B-00C04F79EFBC}") = "WebApplication1", "WebApplication1\WebApplication1.csproj", "{0B49C902-5688-4C00-8B30-3FF32CB03AA5}"
EndProject
Global
	GlobalSection(SolutionConfigurationPlatforms) = preSolution
		Debug|Any CPU = Debug|Any CPU
		Release|Any CPU = Release|Any CPU
	EndGlobalSection
	GlobalSection(ProjectConfigurationPlatforms) = postSolution
		{0437356D-029C-408A-A30C-7EA5B654CE40}.Debug|Any CPU.ActiveCfg = Debug|Any CPU
		{0437356D-029C-408A-A30C-7EA5B654CE40}.Debug|Any CPU.Build.0 = Debug|Any CPU
		{0437356D-029C-408A-A30C-7EA5B654CE40}.Release|Any CPU.ActiveCfg = Release|Any CPU
		{0437356D-029C-408A-A30C-7EA5B654CE40}.Release|Any CPU.Build.0 = Release|Any CPU
		{0B49C902-5688-4C00-8B30-3FF32CB03AA5}.Debug|Any CPU.ActiveCfg = Debug|Any CPU
		{0B49C902-5688-4C00-8B30-3FF32CB03AA5}.Debug|Any CPU.Build.0 = Debug|Any CPU
		{0B49C902-5688-4C00-8B30-3FF32CB03AA5}.Release|Any CPU.ActiveCfg = Release|Any CPU
		{0B49C902-5688-4C00-8B30-3FF32CB03AA5}.Release|Any CPU.Build.0 = Release|Any CPU
	EndGlobalSection
	GlobalSection(SolutionProperties) = preSolution
		HideSolutionNode = FALSE
	EndGlobalSection
EndGlobal
