
Microsoft Visual Studio Solution File, Format Version 12.00
# Visual Studio 14
VisualStudioVersion = 14.0.24720.0
MinimumVisualStudioVersion = 10.0.40219.1
Project("{FAE04EC0-301F-11D3-BF4B-00C04F79EFBC}") = "Assignment-2", "ConsoleApplication1\Assignment-2.csproj", "{93489B71-CF28-478A-94B4-6D992F734AC7}"
EndProject
Project("{FAE04EC0-301F-11D3-BF4B-00C04F79EFBC}") = "BusinessModel", "BusinessModel\BusinessModel.csproj", "{E6920BE9-B3FD-465A-B12A-1FFE443A0A8D}"
EndProject
Global
	GlobalSection(SolutionConfigurationPlatforms) = preSolution
		Debug|Any CPU = Debug|Any CPU
		Release|Any CPU = Release|Any CPU
	EndGlobalSection
	GlobalSection(ProjectConfigurationPlatforms) = postSolution
		{93489B71-CF28-478A-94B4-6D992F734AC7}.Debug|Any CPU.ActiveCfg = Debug|Any CPU
		{93489B71-CF28-478A-94B4-6D992F734AC7}.Debug|Any CPU.Build.0 = Debug|Any CPU
		{93489B71-CF28-478A-94B4-6D992F734AC7}.Release|Any CPU.ActiveCfg = Release|Any CPU
		{93489B71-CF28-478A-94B4-6D992F734AC7}.Release|Any CPU.Build.0 = Release|Any CPU
		{E6920BE9-B3FD-465A-B12A-1FFE443A0A8D}.Debug|Any CPU.ActiveCfg = Debug|Any CPU
		{E6920BE9-B3FD-465A-B12A-1FFE443A0A8D}.Debug|Any CPU.Build.0 = Debug|Any CPU
		{E6920BE9-B3FD-465A-B12A-1FFE443A0A8D}.Release|Any CPU.ActiveCfg = Release|Any CPU
		{E6920BE9-B3FD-465A-B12A-1FFE443A0A8D}.Release|Any CPU.Build.0 = Release|Any CPU
	EndGlobalSection
	GlobalSection(SolutionProperties) = preSolution
		HideSolutionNode = FALSE
	EndGlobalSection
EndGlobal
