
Microsoft Visual Studio Solution File, Format Version 12.00
# Visual Studio 14
VisualStudioVersion = 14.0.24720.0
MinimumVisualStudioVersion = 10.0.40219.1
Project("{FAE04EC0-301F-11D3-BF4B-00C04F79EFBC}") = "TutorialDay15", "TutorialDay15\TutorialDay15.csproj", "{23319DDE-7993-4B50-9DAE-55B88043675F}"
EndProject
Project("{FAE04EC0-301F-11D3-BF4B-00C04F79EFBC}") = "ESSPLControls", "ESSPLControls\ESSPLControls.csproj", "{9FDED996-8440-401B-BAEC-02DB06261087}"
EndProject
Global
	GlobalSection(SolutionConfigurationPlatforms) = preSolution
		Debug|Any CPU = Debug|Any CPU
		Release|Any CPU = Release|Any CPU
	EndGlobalSection
	GlobalSection(ProjectConfigurationPlatforms) = postSolution
		{23319DDE-7993-4B50-9DAE-55B88043675F}.Debug|Any CPU.ActiveCfg = Debug|Any CPU
		{23319DDE-7993-4B50-9DAE-55B88043675F}.Debug|Any CPU.Build.0 = Debug|Any CPU
		{23319DDE-7993-4B50-9DAE-55B88043675F}.Release|Any CPU.ActiveCfg = Release|Any CPU
		{23319DDE-7993-4B50-9DAE-55B88043675F}.Release|Any CPU.Build.0 = Release|Any CPU
		{9FDED996-8440-401B-BAEC-02DB06261087}.Debug|Any CPU.ActiveCfg = Debug|Any CPU
		{9FDED996-8440-401B-BAEC-02DB06261087}.Debug|Any CPU.Build.0 = Debug|Any CPU
		{9FDED996-8440-401B-BAEC-02DB06261087}.Release|Any CPU.ActiveCfg = Release|Any CPU
		{9FDED996-8440-401B-BAEC-02DB06261087}.Release|Any CPU.Build.0 = Release|Any CPU
	EndGlobalSection
	GlobalSection(SolutionProperties) = preSolution
		HideSolutionNode = FALSE
	EndGlobalSection
EndGlobal
